
Microsoft Visual Studio Solution File, Format Version 11.00
# Visual Studio 2010
Project("{FAE04EC0-301F-11D3-BF4B-00C04F79EFBC}") = "WS BaseFaults", "WS BaseFaults\WS BaseFaults.csproj", "{32432083-7A57-40B8-AD5E-6E7D59A3481D}"
EndProject
Project("{FAE04EC0-301F-11D3-BF4B-00C04F79EFBC}") = "WS BaseFaults Tests", "WS BaseFaults Tests\WS BaseFaults Tests.csproj", "{41EE37E6-47B5-4E81-860E-9C5EC6838E06}"
EndProject
Project("{2150E333-8FDC-42A3-9474-1A3956D46DE8}") = "Solution Items", "Solution Items", "{ADB38025-E178-4953-A0C5-EC371E1EA7EC}"
	ProjectSection(SolutionItems) = preProject
		CA Rules.ruleset = CA Rules.ruleset
		Common Contracts.vsmdi = Common Contracts.vsmdi
		License.txt = License.txt
		Local.testsettings = Local.testsettings
		Logo.png = Logo.png
		Settings.StyleCop = Settings.StyleCop
		TraceAndTestImpact.testsettings = TraceAndTestImpact.testsettings
	EndProjectSection
EndProject
Project("{2150E333-8FDC-42A3-9474-1A3956D46DE8}") = "External Libraries", "External Libraries", "{240A24BB-33F2-410E-B084-330460BD6A5B}"
	ProjectSection(SolutionItems) = preProject
		External Libraries\Moq.dll = External Libraries\Moq.dll
		External Libraries\Moq.xml = External Libraries\Moq.xml
		External Libraries\nunit.framework.dll = External Libraries\nunit.framework.dll
	EndProjectSection
EndProject
Project("{FAE04EC0-301F-11D3-BF4B-00C04F79EFBC}") = "WS Eventing", "WS Eventing\WS Eventing.csproj", "{A7EAFB06-148F-45FD-9535-A4A147E9C03B}"
EndProject
Project("{FAE04EC0-301F-11D3-BF4B-00C04F79EFBC}") = "WS Eventing Tests", "WS Eventing Tests\WS Eventing Tests.csproj", "{03B579BB-771E-40CF-AA98-A00EA1BADE4C}"
EndProject
Project("{FAE04EC0-301F-11D3-BF4B-00C04F79EFBC}") = "Globalization", "Globalization\Globalization.csproj", "{3D1E63FC-C88B-4E8E-881F-EEACB37A6D4A}"
EndProject
Project("{FAE04EC0-301F-11D3-BF4B-00C04F79EFBC}") = "Globalization.Tests", "Globalization.Tests\Globalization.Tests.csproj", "{D3BB3E38-067C-4B4D-87F9-928827FBE5A6}"
EndProject
Project("{FAE04EC0-301F-11D3-BF4B-00C04F79EFBC}") = "WS BaseFaults.Extensions", "WS BaseFaults.Extensions\WS BaseFaults.Extensions.csproj", "{50B22C05-5DE9-4563-B3D2-25DFACA01595}"
EndProject
Project("{FAE04EC0-301F-11D3-BF4B-00C04F79EFBC}") = "WS Notification", "WS Notification\WS Notification.csproj", "{2349BD5C-23E6-45D5-A870-21C32D69A1F0}"
EndProject
Project("{2150E333-8FDC-42A3-9474-1A3956D46DE8}") = "Samples", "Samples", "{54676A42-F3B7-4BA2-9EC7-DCC9B4D7CF13}"
EndProject
Project("{2150E333-8FDC-42A3-9474-1A3956D46DE8}") = "Eventing", "Eventing", "{A3B211A1-F47C-49F1-AE38-3F7B0E49B066}"
EndProject
Global
	GlobalSection(TeamFoundationVersionControl) = preSolution
		SccNumberOfProjects = 9
		SccEnterpriseProvider = {4CA58AB2-18FA-4F8D-95D4-32DDF27D184C}
		SccTeamFoundationServer = https://tfs.codeplex.com/tfs/tfs14
		SccLocalPath0 = .
		SccProjectUniqueName1 = WS\u0020BaseFaults\u0020Tests\\WS\u0020BaseFaults\u0020Tests.csproj
		SccProjectName1 = WS\u0020BaseFaults\u0020Tests
		SccLocalPath1 = WS\u0020BaseFaults\u0020Tests
		SccProjectUniqueName2 = WS\u0020BaseFaults\\WS\u0020BaseFaults.csproj
		SccProjectName2 = WS\u0020BaseFaults
		SccLocalPath2 = WS\u0020BaseFaults
		SccProjectUniqueName3 = WS\u0020Eventing\\WS\u0020Eventing.csproj
		SccProjectName3 = WS\u0020Eventing
		SccLocalPath3 = WS\u0020Eventing
		SccProjectUniqueName4 = WS\u0020Eventing\u0020Tests\\WS\u0020Eventing\u0020Tests.csproj
		SccProjectName4 = WS\u0020Eventing\u0020Tests
		SccLocalPath4 = WS\u0020Eventing\u0020Tests
		SccProjectUniqueName5 = Globalization\\Globalization.csproj
		SccProjectName5 = Globalization
		SccLocalPath5 = Globalization
		SccProjectUniqueName6 = Globalization.Tests\\Globalization.Tests.csproj
		SccProjectName6 = Globalization.Tests
		SccLocalPath6 = Globalization.Tests
		SccProjectUniqueName7 = WS\u0020BaseFaults.Extensions\\WS\u0020BaseFaults.Extensions.csproj
		SccProjectName7 = WS\u0020BaseFaults.Extensions
		SccLocalPath7 = WS\u0020BaseFaults.Extensions
		SccProjectUniqueName8 = WS\u0020Notification\\WS\u0020Notification.csproj
		SccProjectName8 = WS\u0020Notification
		SccLocalPath8 = WS\u0020Notification
	EndGlobalSection
	GlobalSection(TestCaseManagementSettings) = postSolution
		CategoryFile = Common Contracts.vsmdi
	EndGlobalSection
	GlobalSection(SolutionConfigurationPlatforms) = preSolution
		Debug|Any CPU = Debug|Any CPU
		Debug|Mixed Platforms = Debug|Mixed Platforms
		Debug|x86 = Debug|x86
		Release|Any CPU = Release|Any CPU
		Release|Mixed Platforms = Release|Mixed Platforms
		Release|x86 = Release|x86
	EndGlobalSection
	GlobalSection(ProjectConfigurationPlatforms) = postSolution
		{32432083-7A57-40B8-AD5E-6E7D59A3481D}.Debug|Any CPU.ActiveCfg = Debug|Any CPU
		{32432083-7A57-40B8-AD5E-6E7D59A3481D}.Debug|Any CPU.Build.0 = Debug|Any CPU
		{32432083-7A57-40B8-AD5E-6E7D59A3481D}.Debug|Mixed Platforms.ActiveCfg = Debug|Any CPU
		{32432083-7A57-40B8-AD5E-6E7D59A3481D}.Debug|Mixed Platforms.Build.0 = Debug|Any CPU
		{32432083-7A57-40B8-AD5E-6E7D59A3481D}.Debug|x86.ActiveCfg = Debug|Any CPU
		{32432083-7A57-40B8-AD5E-6E7D59A3481D}.Release|Any CPU.ActiveCfg = Release|Any CPU
		{32432083-7A57-40B8-AD5E-6E7D59A3481D}.Release|Any CPU.Build.0 = Release|Any CPU
		{32432083-7A57-40B8-AD5E-6E7D59A3481D}.Release|Mixed Platforms.ActiveCfg = Release|Any CPU
		{32432083-7A57-40B8-AD5E-6E7D59A3481D}.Release|Mixed Platforms.Build.0 = Release|Any CPU
		{32432083-7A57-40B8-AD5E-6E7D59A3481D}.Release|x86.ActiveCfg = Release|Any CPU
		{41EE37E6-47B5-4E81-860E-9C5EC6838E06}.Debug|Any CPU.ActiveCfg = Debug|Any CPU
		{41EE37E6-47B5-4E81-860E-9C5EC6838E06}.Debug|Any CPU.Build.0 = Debug|Any CPU
		{41EE37E6-47B5-4E81-860E-9C5EC6838E06}.Debug|Mixed Platforms.ActiveCfg = Debug|Any CPU
		{41EE37E6-47B5-4E81-860E-9C5EC6838E06}.Debug|Mixed Platforms.Build.0 = Debug|Any CPU
		{41EE37E6-47B5-4E81-860E-9C5EC6838E06}.Debug|x86.ActiveCfg = Debug|Any CPU
		{41EE37E6-47B5-4E81-860E-9C5EC6838E06}.Release|Any CPU.ActiveCfg = Release|Any CPU
		{41EE37E6-47B5-4E81-860E-9C5EC6838E06}.Release|Any CPU.Build.0 = Release|Any CPU
		{41EE37E6-47B5-4E81-860E-9C5EC6838E06}.Release|Mixed Platforms.ActiveCfg = Release|Any CPU
		{41EE37E6-47B5-4E81-860E-9C5EC6838E06}.Release|Mixed Platforms.Build.0 = Release|Any CPU
		{41EE37E6-47B5-4E81-860E-9C5EC6838E06}.Release|x86.ActiveCfg = Release|Any CPU
		{A7EAFB06-148F-45FD-9535-A4A147E9C03B}.Debug|Any CPU.ActiveCfg = Debug|Any CPU
		{A7EAFB06-148F-45FD-9535-A4A147E9C03B}.Debug|Any CPU.Build.0 = Debug|Any CPU
		{A7EAFB06-148F-45FD-9535-A4A147E9C03B}.Debug|Mixed Platforms.ActiveCfg = Debug|Any CPU
		{A7EAFB06-148F-45FD-9535-A4A147E9C03B}.Debug|Mixed Platforms.Build.0 = Debug|Any CPU
		{A7EAFB06-148F-45FD-9535-A4A147E9C03B}.Debug|x86.ActiveCfg = Debug|Any CPU
		{A7EAFB06-148F-45FD-9535-A4A147E9C03B}.Release|Any CPU.ActiveCfg = Release|Any CPU
		{A7EAFB06-148F-45FD-9535-A4A147E9C03B}.Release|Any CPU.Build.0 = Release|Any CPU
		{A7EAFB06-148F-45FD-9535-A4A147E9C03B}.Release|Mixed Platforms.ActiveCfg = Release|Any CPU
		{A7EAFB06-148F-45FD-9535-A4A147E9C03B}.Release|Mixed Platforms.Build.0 = Release|Any CPU
		{A7EAFB06-148F-45FD-9535-A4A147E9C03B}.Release|x86.ActiveCfg = Release|Any CPU
		{03B579BB-771E-40CF-AA98-A00EA1BADE4C}.Debug|Any CPU.ActiveCfg = Debug|Any CPU
		{03B579BB-771E-40CF-AA98-A00EA1BADE4C}.Debug|Any CPU.Build.0 = Debug|Any CPU
		{03B579BB-771E-40CF-AA98-A00EA1BADE4C}.Debug|Mixed Platforms.ActiveCfg = Debug|Any CPU
		{03B579BB-771E-40CF-AA98-A00EA1BADE4C}.Debug|Mixed Platforms.Build.0 = Debug|Any CPU
		{03B579BB-771E-40CF-AA98-A00EA1BADE4C}.Debug|x86.ActiveCfg = Debug|Any CPU
		{03B579BB-771E-40CF-AA98-A00EA1BADE4C}.Release|Any CPU.ActiveCfg = Release|Any CPU
		{03B579BB-771E-40CF-AA98-A00EA1BADE4C}.Release|Any CPU.Build.0 = Release|Any CPU
		{03B579BB-771E-40CF-AA98-A00EA1BADE4C}.Release|Mixed Platforms.ActiveCfg = Release|Any CPU
		{03B579BB-771E-40CF-AA98-A00EA1BADE4C}.Release|Mixed Platforms.Build.0 = Release|Any CPU
		{03B579BB-771E-40CF-AA98-A00EA1BADE4C}.Release|x86.ActiveCfg = Release|Any CPU
		{3D1E63FC-C88B-4E8E-881F-EEACB37A6D4A}.Debug|Any CPU.ActiveCfg = Debug|Any CPU
		{3D1E63FC-C88B-4E8E-881F-EEACB37A6D4A}.Debug|Any CPU.Build.0 = Debug|Any CPU
		{3D1E63FC-C88B-4E8E-881F-EEACB37A6D4A}.Debug|Mixed Platforms.ActiveCfg = Debug|Any CPU
		{3D1E63FC-C88B-4E8E-881F-EEACB37A6D4A}.Debug|Mixed Platforms.Build.0 = Debug|Any CPU
		{3D1E63FC-C88B-4E8E-881F-EEACB37A6D4A}.Debug|x86.ActiveCfg = Debug|Any CPU
		{3D1E63FC-C88B-4E8E-881F-EEACB37A6D4A}.Release|Any CPU.ActiveCfg = Release|Any CPU
		{3D1E63FC-C88B-4E8E-881F-EEACB37A6D4A}.Release|Any CPU.Build.0 = Release|Any CPU
		{3D1E63FC-C88B-4E8E-881F-EEACB37A6D4A}.Release|Mixed Platforms.ActiveCfg = Release|Any CPU
		{3D1E63FC-C88B-4E8E-881F-EEACB37A6D4A}.Release|Mixed Platforms.Build.0 = Release|Any CPU
		{3D1E63FC-C88B-4E8E-881F-EEACB37A6D4A}.Release|x86.ActiveCfg = Release|Any CPU
		{D3BB3E38-067C-4B4D-87F9-928827FBE5A6}.Debug|Any CPU.ActiveCfg = Debug|Any CPU
		{D3BB3E38-067C-4B4D-87F9-928827FBE5A6}.Debug|Any CPU.Build.0 = Debug|Any CPU
		{D3BB3E38-067C-4B4D-87F9-928827FBE5A6}.Debug|Mixed Platforms.ActiveCfg = Debug|Any CPU
		{D3BB3E38-067C-4B4D-87F9-928827FBE5A6}.Debug|Mixed Platforms.Build.0 = Debug|Any CPU
		{D3BB3E38-067C-4B4D-87F9-928827FBE5A6}.Debug|x86.ActiveCfg = Debug|Any CPU
		{D3BB3E38-067C-4B4D-87F9-928827FBE5A6}.Release|Any CPU.ActiveCfg = Release|Any CPU
		{D3BB3E38-067C-4B4D-87F9-928827FBE5A6}.Release|Any CPU.Build.0 = Release|Any CPU
		{D3BB3E38-067C-4B4D-87F9-928827FBE5A6}.Release|Mixed Platforms.ActiveCfg = Release|Any CPU
		{D3BB3E38-067C-4B4D-87F9-928827FBE5A6}.Release|Mixed Platforms.Build.0 = Release|Any CPU
		{D3BB3E38-067C-4B4D-87F9-928827FBE5A6}.Release|x86.ActiveCfg = Release|Any CPU
		{50B22C05-5DE9-4563-B3D2-25DFACA01595}.Debug|Any CPU.ActiveCfg = Debug|Any CPU
		{50B22C05-5DE9-4563-B3D2-25DFACA01595}.Debug|Any CPU.Build.0 = Debug|Any CPU
		{50B22C05-5DE9-4563-B3D2-25DFACA01595}.Debug|Mixed Platforms.ActiveCfg = Debug|Any CPU
		{50B22C05-5DE9-4563-B3D2-25DFACA01595}.Debug|Mixed Platforms.Build.0 = Debug|Any CPU
		{50B22C05-5DE9-4563-B3D2-25DFACA01595}.Debug|x86.ActiveCfg = Debug|Any CPU
		{50B22C05-5DE9-4563-B3D2-25DFACA01595}.Release|Any CPU.ActiveCfg = Release|Any CPU
		{50B22C05-5DE9-4563-B3D2-25DFACA01595}.Release|Any CPU.Build.0 = Release|Any CPU
		{50B22C05-5DE9-4563-B3D2-25DFACA01595}.Release|Mixed Platforms.ActiveCfg = Release|Any CPU
		{50B22C05-5DE9-4563-B3D2-25DFACA01595}.Release|Mixed Platforms.Build.0 = Release|Any CPU
		{50B22C05-5DE9-4563-B3D2-25DFACA01595}.Release|x86.ActiveCfg = Release|Any CPU
		{2349BD5C-23E6-45D5-A870-21C32D69A1F0}.Debug|Any CPU.ActiveCfg = Debug|Any CPU
		{2349BD5C-23E6-45D5-A870-21C32D69A1F0}.Debug|Any CPU.Build.0 = Debug|Any CPU
		{2349BD5C-23E6-45D5-A870-21C32D69A1F0}.Debug|Mixed Platforms.ActiveCfg = Debug|Any CPU
		{2349BD5C-23E6-45D5-A870-21C32D69A1F0}.Debug|Mixed Platforms.Build.0 = Debug|Any CPU
		{2349BD5C-23E6-45D5-A870-21C32D69A1F0}.Debug|x86.ActiveCfg = Debug|Any CPU
		{2349BD5C-23E6-45D5-A870-21C32D69A1F0}.Release|Any CPU.ActiveCfg = Release|Any CPU
		{2349BD5C-23E6-45D5-A870-21C32D69A1F0}.Release|Any CPU.Build.0 = Release|Any CPU
		{2349BD5C-23E6-45D5-A870-21C32D69A1F0}.Release|Mixed Platforms.ActiveCfg = Release|Any CPU
		{2349BD5C-23E6-45D5-A870-21C32D69A1F0}.Release|Mixed Platforms.Build.0 = Release|Any CPU
		{2349BD5C-23E6-45D5-A870-21C32D69A1F0}.Release|x86.ActiveCfg = Release|Any CPU
	EndGlobalSection
	GlobalSection(SolutionProperties) = preSolution
		HideSolutionNode = FALSE
	EndGlobalSection
	GlobalSection(NestedProjects) = preSolution
		{A3B211A1-F47C-49F1-AE38-3F7B0E49B066} = {54676A42-F3B7-4BA2-9EC7-DCC9B4D7CF13}
	EndGlobalSection
EndGlobal
